
Microsoft Visual Studio Solution File, Format Version 12.00
# Visual Studio Version 17
VisualStudioVersion = 17.7.34202.233
MinimumVisualStudioVersion = 10.0.40219.1
Project("{FAE04EC0-301F-11D3-BF4B-00C04F79EFBC}") = "AutobotsGoAhead", "AutobotsGoAhead.csproj", "{69D54A52-9A88-4E15-9EDF-DC4B012A5087}"
EndProject
Global
	GlobalSection(SolutionConfigurationPlatforms) = preSolution
		Debug|Any CPU = Debug|Any CPU
		Release|Any CPU = Release|Any CPU
	EndGlobalSection
	GlobalSection(ProjectConfigurationPlatforms) = postSolution
		{69D54A52-9A88-4E15-9EDF-DC4B012A5087}.Debug|Any CPU.ActiveCfg = Debug|Any CPU
		{69D54A52-9A88-4E15-9EDF-DC4B012A5087}.Debug|Any CPU.Build.0 = Debug|Any CPU
		{69D54A52-9A88-4E15-9EDF-DC4B012A5087}.Release|Any CPU.ActiveCfg = Release|Any CPU
		{69D54A52-9A88-4E15-9EDF-DC4B012A5087}.Release|Any CPU.Build.0 = Release|Any CPU
	EndGlobalSection
	GlobalSection(SolutionProperties) = preSolution
		HideSolutionNode = FALSE
	EndGlobalSection
	GlobalSection(ExtensibilityGlobals) = postSolution
		SolutionGuid = {017EF656-CCE3-4CF4-A033-2AA7E2897893}
	EndGlobalSection
EndGlobal
